
Microsoft Visual Studio Solution File, Format Version 12.00
# Visual Studio Version 16
VisualStudioVersion = 16.0.29102.190
MinimumVisualStudioVersion = 10.0.40219.1
Project("{9A19103F-16F7-4668-BE54-9A1E7A4F7556}") = "PizzaStoreApp", "PizzaStoreApp\PizzaStoreApp.csproj", "{07C4A819-C8B5-49F2-9DFE-4EA8B083BDB1}"
EndProject
Project("{9A19103F-16F7-4668-BE54-9A1E7A4F7556}") = "PizzaStore.Library", "PizzaStore.Library\PizzaStore.Library.csproj", "{B8C8E32E-3B5B-4B39-8D17-52808D71344F}"
EndProject
Project("{9A19103F-16F7-4668-BE54-9A1E7A4F7556}") = "PizzaStore.Testing", "PizzaStore.Testing\PizzaStore.Testing.csproj", "{4DF603A9-205C-4D81-9264-8C2F0D626226}"
EndProject
Project("{9A19103F-16F7-4668-BE54-9A1E7A4F7556}") = "PizzaStore.DataAccess", "PizzaStore.DataAccess\PizzaStore.DataAccess.csproj", "{C143B1D7-E68E-4C36-9778-C8BFE8E41465}"
EndProject
Project("{FAE04EC0-301F-11D3-BF4B-00C04F79EFBC}") = "PizzaStore.WebUI", "PizzaStore.WebUI\PizzaStore.WebUI.csproj", "{7398CECE-3AA0-4DE1-8615-B5A00A62BD2B}"
EndProject
Global
	GlobalSection(SolutionConfigurationPlatforms) = preSolution
		Debug|Any CPU = Debug|Any CPU
		Release|Any CPU = Release|Any CPU
	EndGlobalSection
	GlobalSection(ProjectConfigurationPlatforms) = postSolution
		{07C4A819-C8B5-49F2-9DFE-4EA8B083BDB1}.Debug|Any CPU.ActiveCfg = Debug|Any CPU
		{07C4A819-C8B5-49F2-9DFE-4EA8B083BDB1}.Debug|Any CPU.Build.0 = Debug|Any CPU
		{07C4A819-C8B5-49F2-9DFE-4EA8B083BDB1}.Release|Any CPU.ActiveCfg = Release|Any CPU
		{07C4A819-C8B5-49F2-9DFE-4EA8B083BDB1}.Release|Any CPU.Build.0 = Release|Any CPU
		{B8C8E32E-3B5B-4B39-8D17-52808D71344F}.Debug|Any CPU.ActiveCfg = Debug|Any CPU
		{B8C8E32E-3B5B-4B39-8D17-52808D71344F}.Debug|Any CPU.Build.0 = Debug|Any CPU
		{B8C8E32E-3B5B-4B39-8D17-52808D71344F}.Release|Any CPU.ActiveCfg = Release|Any CPU
		{B8C8E32E-3B5B-4B39-8D17-52808D71344F}.Release|Any CPU.Build.0 = Release|Any CPU
		{4DF603A9-205C-4D81-9264-8C2F0D626226}.Debug|Any CPU.ActiveCfg = Debug|Any CPU
		{4DF603A9-205C-4D81-9264-8C2F0D626226}.Debug|Any CPU.Build.0 = Debug|Any CPU
		{4DF603A9-205C-4D81-9264-8C2F0D626226}.Release|Any CPU.ActiveCfg = Release|Any CPU
		{4DF603A9-205C-4D81-9264-8C2F0D626226}.Release|Any CPU.Build.0 = Release|Any CPU
		{C143B1D7-E68E-4C36-9778-C8BFE8E41465}.Debug|Any CPU.ActiveCfg = Debug|Any CPU
		{C143B1D7-E68E-4C36-9778-C8BFE8E41465}.Debug|Any CPU.Build.0 = Debug|Any CPU
		{C143B1D7-E68E-4C36-9778-C8BFE8E41465}.Release|Any CPU.ActiveCfg = Release|Any CPU
		{C143B1D7-E68E-4C36-9778-C8BFE8E41465}.Release|Any CPU.Build.0 = Release|Any CPU
		{7398CECE-3AA0-4DE1-8615-B5A00A62BD2B}.Debug|Any CPU.ActiveCfg = Debug|Any CPU
		{7398CECE-3AA0-4DE1-8615-B5A00A62BD2B}.Debug|Any CPU.Build.0 = Debug|Any CPU
		{7398CECE-3AA0-4DE1-8615-B5A00A62BD2B}.Release|Any CPU.ActiveCfg = Release|Any CPU
		{7398CECE-3AA0-4DE1-8615-B5A00A62BD2B}.Release|Any CPU.Build.0 = Release|Any CPU
	EndGlobalSection
	GlobalSection(SolutionProperties) = preSolution
		HideSolutionNode = FALSE
	EndGlobalSection
	GlobalSection(ExtensibilityGlobals) = postSolution
		SolutionGuid = {33C6A99D-5CB1-426C-A106-9175CCECBD01}
	EndGlobalSection
EndGlobal
